PODS:
  - Flutter (1.0.0)
  - flutter_boost (0.0.1):
    - Flutter
    - xservice_kit
  - FlutterPluginRegistrant (0.0.1):
    - Flutter
    - flutter_boost
    - xservice_kit
  - xservice_kit (0.0.1):
    - Flutter

DEPENDENCIES:
  - Flutter (from `../my_flutter6/.ios/Flutter/engine`)
  - flutter_boost (from `../my_flutter6/.ios/Flutter/.symlinks/flutter_boost/ios`)
  - FlutterPluginRegistrant (from `../my_flutter6/.ios/Flutter/FlutterPluginRegistrant`)
  - xservice_kit (from `../my_flutter6/.ios/Flutter/.symlinks/xservice_kit/ios`)

EXTERNAL SOURCES:
  Flutter:
    :path: "../my_flutter6/.ios/Flutter/engine"
  flutter_boost:
    :path: "../my_flutter6/.ios/Flutter/.symlinks/flutter_boost/ios"
  FlutterPluginRegistrant:
    :path: "../my_flutter6/.ios/Flutter/FlutterPluginRegistrant"
  xservice_kit:
    :path: "../my_flutter6/.ios/Flutter/.symlinks/xservice_kit/ios"

SPEC CHECKSUMS:
  Flutter: 58dd7d1b27887414a370fcccb9e645c08ffd7a6a
  flutter_boost: 0e85ea37c74ed39ee7b91a35612afa1605557484
  FlutterPluginRegistrant: 09e35a5c8903bbd46dc4a41f36a0075b6d4714d1
  xservice_kit: a2f1b35addc126fce8687aeb183ab0c1ada5b7f3

PODFILE CHECKSUM: 84dd7537d4c6dae8826ac2a8ec5d9278f129cc47

COCOAPODS: 1.7.3
